{
  "version": "3",
  "redirects": {
    "https://lib.deno.dev/x/grammY@v1/mod.ts": "https://deno.land/x/grammY@v1/mod.ts",
    "https://lib.deno.dev/x/grammy@v1/mod.ts": "https://deno.land/x/grammy@v1.28.0/mod.ts"
  },
  "remote": {
    "https://cdn.skypack.dev/-/debug@v4.3.4-o4liVvMlOnQWbLSYZMXw/dist=es2019,mode=imports/optimized/debug.js": "671100993996e39b501301a87000607916d4d2d9f8fc8e9c5200ae5ba64a1389",
    "https://cdn.skypack.dev/-/ms@v2.1.2-giBDZ1IA5lmQ3ZXaa87V/dist=es2019,mode=imports/optimized/ms.js": "fd88e2d51900437011f1ad232f3393ce97db1b87a7844b3c58dd6d65562c1276",
    "https://cdn.skypack.dev/debug@4.3.4": "7b1d010cc930f71b940ba5941da055bc181115229e29de7214bdb4425c68ea76",
    "https://deno.land/std@0.211.0/path/_common/assert_path.ts": "2ca275f36ac1788b2acb60fb2b79cb06027198bc2ba6fb7e163efaedde98c297",
    "https://deno.land/std@0.211.0/path/_common/basename.ts": "569744855bc8445f3a56087fd2aed56bdad39da971a8d92b138c9913aecc5fa2",
    "https://deno.land/std@0.211.0/path/_common/constants.ts": "dc5f8057159f4b48cd304eb3027e42f1148cf4df1fb4240774d3492b5d12ac0c",
    "https://deno.land/std@0.211.0/path/_common/strip_trailing_separators.ts": "7024a93447efcdcfeaa9339a98fa63ef9d53de363f1fbe9858970f1bba02655a",
    "https://deno.land/std@0.211.0/path/_os.ts": "8fb9b90fb6b753bd8c77cfd8a33c2ff6c5f5bc185f50de8ca4ac6a05710b2c15",
    "https://deno.land/std@0.211.0/path/basename.ts": "5d341aadb7ada266e2280561692c165771d071c98746fcb66da928870cd47668",
    "https://deno.land/std@0.211.0/path/posix/_util.ts": "1e3937da30f080bfc99fe45d7ed23c47dd8585c5e473b2d771380d3a6937cf9d",
    "https://deno.land/std@0.211.0/path/posix/basename.ts": "39ee27a29f1f35935d3603ccf01d53f3d6e0c5d4d0f84421e65bd1afeff42843",
    "https://deno.land/std@0.211.0/path/windows/_util.ts": "d5f47363e5293fced22c984550d5e70e98e266cc3f31769e1710511803d04808",
    "https://deno.land/std@0.211.0/path/windows/basename.ts": "e2dbf31d1d6385bfab1ce38c333aa290b6d7ae9e0ecb8234a654e583cf22f8fe",
    "https://deno.land/x/grammy@v1.28.0/bot.ts": "9576361190e2dfcf7d2a665e6e20b66c15ae7a7cf81c25baea50b6c682b7a439",
    "https://deno.land/x/grammy@v1.28.0/composer.ts": "dab5a40d8a6fdc734bfb218f8b2e4ef846c05b833219ddd3fdee3f145bb2660b",
    "https://deno.land/x/grammy@v1.28.0/context.ts": "667934ca2f9d7c81fa27067232e3ca5464ba0c8b44f8b2925f9f2bef9b7af6b7",
    "https://deno.land/x/grammy@v1.28.0/convenience/constants.ts": "1560129784be52f49aa0bea8716f09ed00dac367fef195be6a2c09bdfc43fb99",
    "https://deno.land/x/grammy@v1.28.0/convenience/frameworks.ts": "69f343980c349f9552a022ae732b3d5de0894013df0fd304b4ad29bd62425dc1",
    "https://deno.land/x/grammy@v1.28.0/convenience/inline_query.ts": "409d1940c7670708064efa495003bcbfdf6763a756b2e6303c464489fd3394ff",
    "https://deno.land/x/grammy@v1.28.0/convenience/input_media.ts": "7af72a5fdb1af0417e31b1327003f536ddfdf64e06ab8bc7f5da6b574de38658",
    "https://deno.land/x/grammy@v1.28.0/convenience/keyboard.ts": "de39a47199a9dde779c396c951a0452080df0e964e9ea366ae4237acdc3302f7",
    "https://deno.land/x/grammy@v1.28.0/convenience/session.ts": "ae6b973f43552ff165d797c69191bbedc39b81b4de540c58c34cee007138c7f6",
    "https://deno.land/x/grammy@v1.28.0/convenience/webhook.ts": "53937566edaa258401a44594a8f750a15983952bd99aa4d21c6722a7aa1d77a9",
    "https://deno.land/x/grammy@v1.28.0/core/api.ts": "358b8afc4529fa6f26bf1a04e296a842b56e534069750e904f336da2debb603c",
    "https://deno.land/x/grammy@v1.28.0/core/client.ts": "0830ccfa575f926092431896071e1999de8a5bd829ffa6c21c1315d58227b51f",
    "https://deno.land/x/grammy@v1.28.0/core/error.ts": "5245f18f273da6be364f525090c24d2e9a282c180904f674f66946f2b2556247",
    "https://deno.land/x/grammy@v1.28.0/core/payload.ts": "420e17c3c2830b5576ea187cfce77578fe09f1204b25c25ea2f220ca7c86e73b",
    "https://deno.land/x/grammy@v1.28.0/filter.ts": "d5785e971181662d2090b307cb20d80d801f2afdf59ea312c156dca310460f29",
    "https://deno.land/x/grammy@v1.28.0/mod.ts": "7723e08709ff7fd01df3e463503e14e4fd1a581669380eed70351e1121e8a833",
    "https://deno.land/x/grammy@v1.28.0/platform.deno.ts": "68272a7e1d9a2d74d8a45342526485dbc0531dee812f675d7f8a4e7fc8393028",
    "https://deno.land/x/grammy@v1.28.0/types.deno.ts": "8bbd4f78388f2f8bfe2a63c97c6df63ffda294e2b012c29f4f1caa89ee027f42",
    "https://deno.land/x/grammy@v1.28.0/types.ts": "729415590dfa188dbe924dea614dff4e976babdbabb28a307b869fc25777cdf0",
    "https://deno.land/x/grammy_types@v3.12.0/api.ts": "ae04d6628e3d25ae805bc07a19475065044fc44cde0a40877405bc3544d03a5f",
    "https://deno.land/x/grammy_types@v3.12.0/inline.ts": "9bc165676a2bb984525adf2c457cdf5f432016b25c3d399dceedfeaf638dbf29",
    "https://deno.land/x/grammy_types@v3.12.0/langs.ts": "5f5fd09c58ba3ae942dd7cea2696f95587d2032c1829bba4bca81762b7ef73b6",
    "https://deno.land/x/grammy_types@v3.12.0/manage.ts": "2774de6691a0dbb2eab69708c9388d2d0415a83fd8a995767d0691a6890693b8",
    "https://deno.land/x/grammy_types@v3.12.0/markup.ts": "7430abcea68d294df73a433f621a37cf1281718d3e29e903ed1e474038c7489d",
    "https://deno.land/x/grammy_types@v3.12.0/message.ts": "32e60efb2d1984b392b1b8b547864db6f65df6e2ab77742438dcaea3ffcf1aa8",
    "https://deno.land/x/grammy_types@v3.12.0/methods.ts": "3bbf57d462eea928af280f9c1267f706783da870e554731b5310d6a7a59ce71a",
    "https://deno.land/x/grammy_types@v3.12.0/mod.ts": "7ecea1d3f7085d64419b78183039c78d70d655aeaa8b07f118ffbfb823f5b0b7",
    "https://deno.land/x/grammy_types@v3.12.0/passport.ts": "19820e7d6c279521f8bc8912d6a378239f73d4ab525453808994b5f44ef95215",
    "https://deno.land/x/grammy_types@v3.12.0/payment.ts": "419c076b4ac2282234cc95b22b2922e8e359d368cc6bc66620f47f1329c3ad77",
    "https://deno.land/x/grammy_types@v3.12.0/settings.ts": "f8ff810da6f1007ed24cd504809bf46820229c395ff9bfc3e5c8ceaef5b2aae1",
    "https://deno.land/x/grammy_types@v3.12.0/update.ts": "7033ebfbecf6fbbd2d68f7a3550c9b04e553228a2143104fc63c42dd7f8f6881"
  }
}
